schema = 1

[llvm]
repository = "https://github.com/rust-lang/llvm-project.git"
revision = "aab11ee0ea5ea9a1d462ad0bc1fae9d9bb643019"
provenance = "Public rust-lang/llvm-project source revision used by Rust commit 1d81eb4ad"
public_output_allowed = true

[llvm_tblgen]
name = "llvm-tblgen"
version_line = "LLVM version 23.1.3"
sha256 = "d7de823be5381fcd441057f17ff515ae1b5c090fe122b11db2d969816747aa53"
enforce_sha256 = false
provenance = "Reference artifact built locally from the pinned public LLVM revision; its hash identifies that build, while dump hashes are the reproducibility gate"
built_from_llvm_revision = "aab11ee0ea5ea9a1d462ad0bc1fae9d9bb643019"

[[comparison_tools]]
name = "llvm-tblgen-22"
version_line = "Ubuntu LLVM version 22.1.7"
sha256 = "986d0d5a19e4f44086092adf9a54f13ad0058a60ac2adad7ba156a97eb01b046"
enforce_sha256 = false
provenance = "Ubuntu package binary used only for a byte-for-byte dump comparison; it reproduced the Intrinsics.td dump hash exactly. The NVPTX.td dump uses LLVM 23-only TableGen operators (!sort in Target.td) that pre-23 binaries reject, so no independent binary was available for that dump"

[dumps]
intrinsics_sha256 = "c0fb05eda32f2fe89ba600d4d2dc882e0bf54d5aa60b5e5f8601eb87a9881408"
nvptx_sha256 = "492011cd3c20fbd888a2fa05e7eb5d894c0db79270c5bf6dbda0b6648d3c6582"
normalized_imported_sha256 = "54d47b8e281dd953dc95fe16f834ff38164d9809171c9a1af097231b0bc45cab"
